
Microsoft Visual Studio Solution File, Format Version 12.00
# Visual Studio 15
Project("{FAE04EC0-301F-11D3-BF4B-00C04F79EFBC}") = "SidekickCharacters", "SidekickCharacters.csproj", "{B4F7C969-3048-4FD5-E7DD-8FEB966C630D}"
EndProject
Project("{FAE04EC0-301F-11D3-BF4B-00C04F79EFBC}") = "Assembly-CSharp", "Assembly-CSharp.csproj", "{7CA597AC-799E-2D81-E8A0-0EA9A568434E}"
EndProject
Project("{FAE04EC0-301F-11D3-BF4B-00C04F79EFBC}") = "SidekickCharacters.Editor", "SidekickCharacters.Editor.csproj", "{B78A9E40-8D5D-A6A4-BF03-503EFE422B5F}"
EndProject
Project("{FAE04EC0-301F-11D3-BF4B-00C04F79EFBC}") = "Assembly-CSharp-Editor", "Assembly-CSharp-Editor.csproj", "{350FE3E3-48A3-F652-05DF-AA9DB89C53B0}"
EndProject
Project("{FAE04EC0-301F-11D3-BF4B-00C04F79EFBC}") = "Gilzoide.SqliteNet", "Gilzoide.SqliteNet.csproj", "{4D82435C-52F2-AD58-C7A7-FA65D52DF100}"
EndProject
Project("{FAE04EC0-301F-11D3-BF4B-00C04F79EFBC}") = "Gilzoide.SqliteNet.Tests.Editor", "Gilzoide.SqliteNet.Tests.Editor.csproj", "{4A05FE5B-B223-FBB8-D170-DB95E9492262}"
EndProject
Global
	GlobalSection(SolutionConfigurationPlatforms) = preSolution
		Debug|Any CPU = Debug|Any CPU
		Release|Any CPU = Release|Any CPU
	EndGlobalSection
	GlobalSection(ProjectConfigurationPlatforms) = postSolution
		{B4F7C969-3048-4FD5-E7DD-8FEB966C630D}.Debug|Any CPU.ActiveCfg = Debug|Any CPU
		{B4F7C969-3048-4FD5-E7DD-8FEB966C630D}.Debug|Any CPU.Build.0 = Debug|Any CPU
		{B4F7C969-3048-4FD5-E7DD-8FEB966C630D}.Release|Any CPU.ActiveCfg = Release|Any CPU
		{B4F7C969-3048-4FD5-E7DD-8FEB966C630D}.Release|Any CPU.Build.0 = Release|Any CPU
		{7CA597AC-799E-2D81-E8A0-0EA9A568434E}.Debug|Any CPU.ActiveCfg = Debug|Any CPU
		{7CA597AC-799E-2D81-E8A0-0EA9A568434E}.Debug|Any CPU.Build.0 = Debug|Any CPU
		{7CA597AC-799E-2D81-E8A0-0EA9A568434E}.Release|Any CPU.ActiveCfg = Release|Any CPU
		{7CA597AC-799E-2D81-E8A0-0EA9A568434E}.Release|Any CPU.Build.0 = Release|Any CPU
		{B78A9E40-8D5D-A6A4-BF03-503EFE422B5F}.Debug|Any CPU.ActiveCfg = Debug|Any CPU
		{B78A9E40-8D5D-A6A4-BF03-503EFE422B5F}.Debug|Any CPU.Build.0 = Debug|Any CPU
		{B78A9E40-8D5D-A6A4-BF03-503EFE422B5F}.Release|Any CPU.ActiveCfg = Release|Any CPU
		{B78A9E40-8D5D-A6A4-BF03-503EFE422B5F}.Release|Any CPU.Build.0 = Release|Any CPU
		{350FE3E3-48A3-F652-05DF-AA9DB89C53B0}.Debug|Any CPU.ActiveCfg = Debug|Any CPU
		{350FE3E3-48A3-F652-05DF-AA9DB89C53B0}.Debug|Any CPU.Build.0 = Debug|Any CPU
		{350FE3E3-48A3-F652-05DF-AA9DB89C53B0}.Release|Any CPU.ActiveCfg = Release|Any CPU
		{350FE3E3-48A3-F652-05DF-AA9DB89C53B0}.Release|Any CPU.Build.0 = Release|Any CPU
		{4D82435C-52F2-AD58-C7A7-FA65D52DF100}.Debug|Any CPU.ActiveCfg = Debug|Any CPU
		{4D82435C-52F2-AD58-C7A7-FA65D52DF100}.Debug|Any CPU.Build.0 = Debug|Any CPU
		{4D82435C-52F2-AD58-C7A7-FA65D52DF100}.Release|Any CPU.ActiveCfg = Release|Any CPU
		{4D82435C-52F2-AD58-C7A7-FA65D52DF100}.Release|Any CPU.Build.0 = Release|Any CPU
		{4A05FE5B-B223-FBB8-D170-DB95E9492262}.Debug|Any CPU.ActiveCfg = Debug|Any CPU
		{4A05FE5B-B223-FBB8-D170-DB95E9492262}.Debug|Any CPU.Build.0 = Debug|Any CPU
		{4A05FE5B-B223-FBB8-D170-DB95E9492262}.Release|Any CPU.ActiveCfg = Release|Any CPU
		{4A05FE5B-B223-FBB8-D170-DB95E9492262}.Release|Any CPU.Build.0 = Release|Any CPU
	EndGlobalSection
	GlobalSection(SolutionProperties) = preSolution
		HideSolutionNode = FALSE
	EndGlobalSection
EndGlobal
